// !$*UTF8*$!
{
	archiveVersion = 1;
	classes = {
	};
	objectVersion = 110;
	objects = {

/* Begin PBXBuildFile section */
		2BF71A693054E79800A1691B /* FluidAudio in Frameworks */ = {isa = PBXBuildFile; productRef = 2BF71A683054E79800A1691B /* FluidAudio */; };
/* End PBXBuildFile section */

/* Begin PBXContainerItemProxy section */
		2BF71A4D3054E6FD00A1691B /* PBXContainerItemProxy */ = {
			isa = PBXContainerItemProxy;
			containerPortal = 2BF71A373054E6FD00A1691B /* Project object */;
			proxyType = 1;
			remoteGlobalIDString = 2BF71A3E3054E6FD00A1691B;
			remoteInfo = Dicta;
		};
		2BF71A573054E6FD00A1691B /* PBXContainerItemProxy */ = {
			isa = PBXContainerItemProxy;
			containerPortal = 2BF71A373054E6FD00A1691B /* Project object */;
			proxyType = 1;
			remoteGlobalIDString = 2BF71A3E3054E6FD00A1691B;
			remoteInfo = Dicta;
		};
/* End PBXContainerItemProxy section */

/* Begin PBXFileReference section */
		2BF71A3F3054E6FD00A1691B /* Dicta.app */ = {isa = PBXFileReference; explicitFileType = wrapper.application; includeInIndex = 0; path = Dicta.app; sourceTree = BUILT_PRODUCTS_DIR; };
		2BF71A4C3054E6FD00A1691B /* DictaTests.xctest */ = {isa = PBXFileReference; explicitFileType = wrapper.cfbundle; includeInIndex = 0; path = DictaTests.xctest; sourceTree = BUILT_PRODUCTS_DIR; };
		2BF71A563054E6FD00A1691B /* DictaUITests.xctest */ = {isa = PBXFileReference; explicitFileType = wrapper.cfbundle; includeInIndex = 0; path = DictaUITests.xctest; sourceTree = BUILT_PRODUCTS_DIR; };
		2BF71AA23054E8C800A1691B /* README.md */ = {isa = PBXFileReference; lastKnownFileType = net.daringfireball.markdown; path = README.md; sourceTree = "<group>"; };
		2BF71AA43054E8F200A1691B /* .gitignore */ = {isa = PBXFileReference; lastKnownFileType = text; path = .gitignore; sourceTree = "<group>"; };
/* End PBXFileReference section */

/* Begin PBXFileSystemSynchronizedRootGroup section */
		2BF71A413054E6FD00A1691B /* Dicta */ = {
			isa = PBXFileSystemSynchronizedRootGroup;
			path = Dicta;
			sourceTree = "<group>";
		};
		2BF71A4F3054E6FD00A1691B /* DictaTests */ = {
			isa = PBXFileSystemSynchronizedRootGroup;
			path = DictaTests;
			sourceTree = "<group>";
		};
		2BF71A9D3054E81E00A1691B /* docs */ = {
			isa = PBXFileSystemSynchronizedRootGroup;
			path = docs;
			sourceTree = "<group>";
		};
/* End PBXFileSystemSynchronizedRootGroup section */

/* Begin PBXFrameworksBuildPhase section */
		2BF71A3C3054E6FD00A1691B /* Frameworks */ = {
			isa = PBXFrameworksBuildPhase;
			files = (
				2BF71A693054E79800A1691B /* FluidAudio in Frameworks */,
			);
		};
		2BF71A493054E6FD00A1691B /* Frameworks */ = {
			isa = PBXFrameworksBuildPhase;
			files = (
			);
		};
		2BF71A533054E6FD00A1691B /* Frameworks */ = {
			isa = PBXFrameworksBuildPhase;
			files = (
			);
		};
/* End PBXFrameworksBuildPhase section */

/* Begin PBXGroup section */
		2BF71A363054E6FD00A1691B = {
			isa = PBXGroup;
			children = (
				2BF71AA23054E8C800A1691B /* README.md */,
				2BF71A413054E6FD00A1691B /* Dicta */,
				2BF71A4F3054E6FD00A1691B /* DictaTests */,
				2BF71A9D3054E81E00A1691B /* docs */,
				2BF71AA43054E8F200A1691B /* .gitignore */,
				2BF71A403054E6FD00A1691B /* Products */,
			);
			sourceTree = "<group>";
		};
		2BF71A403054E6FD00A1691B /* Products */ = {
			isa = PBXGroup;
			children = (
				2BF71A3F3054E6FD00A1691B /* Dicta.app */,
				2BF71A4C3054E6FD00A1691B /* DictaTests.xctest */,
				2BF71A563054E6FD00A1691B /* DictaUITests.xctest */,
			);
			name = Products;
			sourceTree = "<group>";
		};
/* End PBXGroup section */

/* Begin PBXNativeTarget section */
		2BF71A3E3054E6FD00A1691B /* Dicta */ = {
			isa = PBXNativeTarget;
			buildConfigurationList = 2BF71A5E3054E6FD00A1691B /* Build configuration list for PBXNativeTarget "Dicta" */;
			buildPhases = (
				2BF71A3B3054E6FD00A1691B /* Sources */,
				2BF71A3C3054E6FD00A1691B /* Frameworks */,
				2BF71A3D3054E6FD00A1691B /* Resources */,
			);
			buildRules = (
			);
			fileSystemSynchronizedGroups = (
				2BF71A413054E6FD00A1691B /* Dicta */,
			);
			name = Dicta;
			packageProductDependencies = (
				2BF71A683054E79800A1691B /* FluidAudio */,
			);
			productName = Dicta;
			productReference = 2BF71A3F3054E6FD00A1691B /* Dicta.app */;
			productType = "com.apple.product-type.application";
		};
		2BF71A4B3054E6FD00A1691B /* DictaTests */ = {
			isa = PBXNativeTarget;
			buildConfigurationList = 2BF71A613054E6FD00A1691B /* Build configuration list for PBXNativeTarget "DictaTests" */;
			buildPhases = (
				2BF71A483054E6FD00A1691B /* Sources */,
				2BF71A493054E6FD00A1691B /* Frameworks */,
				2BF71A4A3054E6FD00A1691B /* Resources */,
			);
			buildRules = (
			);
			dependencies = (
				2BF71A4E3054E6FD00A1691B /* PBXTargetDependency */,
			);
			fileSystemSynchronizedGroups = (
				2BF71A4F3054E6FD00A1691B /* DictaTests */,
			);
			name = DictaTests;
			productName = DictaTests;
			productReference = 2BF71A4C3054E6FD00A1691B /* DictaTests.xctest */;
			productType = "com.apple.product-type.bundle.unit-test";
		};
		2BF71A553054E6FD00A1691B /* DictaUITests */ = {
			isa = PBXNativeTarget;
			buildConfigurationList = 2BF71A643054E6FD00A1691B /* Build configuration list for PBXNativeTarget "DictaUITests" */;
			buildPhases = (
				2BF71A523054E6FD00A1691B /* Sources */,
				2BF71A533054E6FD00A1691B /* Frameworks */,
				2BF71A543054E6FD00A1691B /* Resources */,
			);
			buildRules = (
			);
			dependencies = (
				2BF71A583054E6FD00A1691B /* PBXTargetDependency */,
			);
			name = DictaUITests;
			productName = DictaUITests;
			productReference = 2BF71A563054E6FD00A1691B /* DictaUITests.xctest */;
			productType = "com.apple.product-type.bundle.ui-testing";
		};
/* End PBXNativeTarget section */

/* Begin PBXProject section */
		2BF71A373054E6FD00A1691B /* Project object */ = {
			isa = PBXProject;
			attributes = {
				BuildIndependentTargetsInParallel = 1;
				LastSwiftUpdateCheck = 2700;
				LastUpgradeCheck = 2700;
				TargetAttributes = {
					2BF71A3E3054E6FD00A1691B = {
						CreatedOnToolsVersion = 27.0;
					};
					2BF71A4B3054E6FD00A1691B = {
						CreatedOnToolsVersion = 27.0;
						TestTargetID = 2BF71A3E3054E6FD00A1691B;
					};
					2BF71A553054E6FD00A1691B = {
						CreatedOnToolsVersion = 27.0;
						TestTargetID = 2BF71A3E3054E6FD00A1691B;
					};
				};
			};
			buildConfigurationList = 2BF71A3A3054E6FD00A1691B /* Build configuration list for PBXProject "Dicta" */;
			developmentRegion = en;
			hasScannedForEncodings = 0;
			knownRegions = (
				en,
				Base,
			);
			mainGroup = 2BF71A363054E6FD00A1691B;
			minimizedProjectReferenceProxies = 1;
			packageReferences = (
				2BF71A673054E79800A1691B /* XCRemoteSwiftPackageReference "FluidAudio" */,
			);
			preferredProjectObjectVersion = 77;
			productRefGroup = 2BF71A403054E6FD00A1691B /* Products */;
			projectDirPath = "";
			projectRoot = "";
			targets = (
				2BF71A3E3054E6FD00A1691B /* Dicta */,
				2BF71A4B3054E6FD00A1691B /* DictaTests */,
				2BF71A553054E6FD00A1691B /* DictaUITests */,
			);
		};
/* End PBXProject section */

/* Begin PBXResourcesBuildPhase section */
		2BF71A3D3054E6FD00A1691B /* Resources */ = {
			isa = PBXResourcesBuildPhase;
			files = (
			);
		};
		2BF71A4A3054E6FD00A1691B /* Resources */ = {
			isa = PBXResourcesBuildPhase;
			files = (
			);
		};
		2BF71A543054E6FD00A1691B /* Resources */ = {
			isa = PBXResourcesBuildPhase;
			files = (
			);
		};
/* End PBXResourcesBuildPhase section */

/* Begin PBXSourcesBuildPhase section */
		2BF71A3B3054E6FD00A1691B /* Sources */ = {
			isa = PBXSourcesBuildPhase;
			files = (
			);
		};
		2BF71A483054E6FD00A1691B /* Sources */ = {
			isa = PBXSourcesBuildPhase;
			files = (
			);
		};
		2BF71A523054E6FD00A1691B /* Sources */ = {
			isa = PBXSourcesBuildPhase;
			files = (
			);
		};
/* End PBXSourcesBuildPhase section */

/* Begin PBXTargetDependency section */
		2BF71A4E3054E6FD00A1691B /* PBXTargetDependency */ = {
			isa = PBXTargetDependency;
			target = 2BF71A3E3054E6FD00A1691B /* Dicta */;
			targetProxy = 2BF71A4D3054E6FD00A1691B /* PBXContainerItemProxy */;
		};
		2BF71A583054E6FD00A1691B /* PBXTargetDependency */ = {
			isa = PBXTargetDependency;
			target = 2BF71A3E3054E6FD00A1691B /* Dicta */;
			targetProxy = 2BF71A573054E6FD00A1691B /* PBXContainerItemProxy */;
		};
/* End PBXTargetDependency section */

/* Begin XCBuildConfiguration section */
		2BF71A5C3054E6FD00A1691B /* Debug configuration for PBXProject "Dicta" */ = {
			isa = XCBuildConfiguration;
			buildSettings = {
				ALWAYS_SEARCH_USER_PATHS = NO;
				ASSETCATALOG_COMPILER_GENERATE_SWIFT_ASSET_SYMBOL_EXTENSIONS = YES;
				CLANG_ANALYZER_NONNULL = YES;
				CLANG_ANALYZER_NUMBER_OBJECT_CONVERSION = YES_AGGRESSIVE;
				CLANG_CXX_LANGUAGE_STANDARD = "gnu++20";
				CLANG_ENABLE_MODULES = YES;
				CLANG_ENABLE_OBJC_ARC = YES;
				CLANG_ENABLE_OBJC_WEAK = YES;
				CLANG_WARN_BLOCK_CAPTURE_AUTORELEASING = YES;
				CLANG_WARN_BOOL_CONVERSION = YES;
				CLANG_WARN_COMMA = YES;
				CLANG_WARN_CONSTANT_CONVERSION = YES;
				CLANG_WARN_DEPRECATED_OBJC_IMPLEMENTATIONS = YES;
				CLANG_WARN_DIRECT_OBJC_ISA_USAGE = YES_ERROR;
				CLANG_WARN_DOCUMENTATION_COMMENTS = YES;
				CLANG_WARN_EMPTY_BODY = YES;
				CLANG_WARN_ENUM_CONVERSION = YES;
				CLANG_WARN_INFINITE_RECURSION = YES;
				CLANG_WARN_INT_CONVERSION = YES;
				CLANG_WARN_NON_LITERAL_NULL_CONVERSION = YES;
				CLANG_WARN_OBJC_IMPLICIT_RETAIN_SELF = YES;
				CLANG_WARN_OBJC_LITERAL_CONVERSION = YES;
				CLANG_WARN_OBJC_ROOT_CLASS = YES_ERROR;
				CLANG_WARN_QUOTED_INCLUDE_IN_FRAMEWORK_HEADER = YES;
				CLANG_WARN_RANGE_LOOP_ANALYSIS = YES;
				CLANG_WARN_STRICT_PROTOTYPES = YES;
				CLANG_WARN_SUSPICIOUS_MOVE = YES;
				CLANG_WARN_UNGUARDED_AVAILABILITY = YES_AGGRESSIVE;
				CLANG_WARN_UNREACHABLE_CODE = YES;
				CLANG_WARN__DUPLICATE_METHOD_MATCH = YES;
				COPY_PHASE_STRIP = NO;
				DEBUG_INFORMATION_FORMAT = dwarf;
				ENABLE_STRICT_OBJC_MSGSEND = YES;
				ENABLE_TESTABILITY = YES;
				ENABLE_USER_SCRIPT_SANDBOXING = YES;
				GCC_C_LANGUAGE_STANDARD = gnu17;
				GCC_DYNAMIC_NO_PIC = NO;
				GCC_NO_COMMON_BLOCKS = YES;
				GCC_OPTIMIZATION_LEVEL = 0;
				GCC_PREPROCESSOR_DEFINITIONS = (
					"DEBUG=1",
					"$(inherited)",
				);
				GCC_WARN_64_TO_32_BIT_CONVERSION = YES;
				GCC_WARN_ABOUT_RETURN_TYPE = YES_ERROR;
				GCC_WARN_UNDECLARED_SELECTOR = YES;
				GCC_WARN_UNINITIALIZED_AUTOS = YES_AGGRESSIVE;
				GCC_WARN_UNUSED_FUNCTION = YES;
				GCC_WARN_UNUSED_VARIABLE = YES;
				LOCALIZATION_PREFERS_STRING_CATALOGS = YES;
				MACOSX_DEPLOYMENT_TARGET = 26.0;
				MTL_ENABLE_DEBUG_INFO = INCLUDE_SOURCE;
				MTL_FAST_MATH = YES;
				ONLY_ACTIVE_ARCH = YES;
				SDKROOT = macosx;
				SWIFT_ACTIVE_COMPILATION_CONDITIONS = "DEBUG $(inherited)";
				SWIFT_OPTIMIZATION_LEVEL = "-Onone";
			};
			name = Debug;
		};
		2BF71A5D3054E6FD00A1691B /* Release configuration for PBXProject "Dicta" */ = {
			isa = XCBuildConfiguration;
			buildSettings = {
				ALWAYS_SEARCH_USER_PATHS = NO;
				ASSETCATALOG_COMPILER_GENERATE_SWIFT_ASSET_SYMBOL_EXTENSIONS = YES;
				CLANG_ANALYZER_NONNULL = YES;
				CLANG_ANALYZER_NUMBER_OBJECT_CONVERSION = YES_AGGRESSIVE;
				CLANG_CXX_LANGUAGE_STANDARD = "gnu++20";
				CLANG_ENABLE_MODULES = YES;
				CLANG_ENABLE_OBJC_ARC = YES;
				CLANG_ENABLE_OBJC_WEAK = YES;
				CLANG_WARN_BLOCK_CAPTURE_AUTORELEASING = YES;
				CLANG_WARN_BOOL_CONVERSION = YES;
				CLANG_WARN_COMMA = YES;
				CLANG_WARN_CONSTANT_CONVERSION = YES;
				CLANG_WARN_DEPRECATED_OBJC_IMPLEMENTATIONS = YES;
				CLANG_WARN_DIRECT_OBJC_ISA_USAGE = YES_ERROR;
				CLANG_WARN_DOCUMENTATION_COMMENTS = YES;
				CLANG_WARN_EMPTY_BODY = YES;
				CLANG_WARN_ENUM_CONVERSION = YES;
				CLANG_WARN_INFINITE_RECURSION = YES;
				CLANG_WARN_INT_CONVERSION = YES;
				CLANG_WARN_NON_LITERAL_NULL_CONVERSION = YES;
				CLANG_WARN_OBJC_IMPLICIT_RETAIN_SELF = YES;
				CLANG_WARN_OBJC_LITERAL_CONVERSION = YES;
				CLANG_WARN_OBJC_ROOT_CLASS = YES_ERROR;
				CLANG_WARN_QUOTED_INCLUDE_IN_FRAMEWORK_HEADER = YES;
				CLANG_WARN_RANGE_LOOP_ANALYSIS = YES;
				CLANG_WARN_STRICT_PROTOTYPES = YES;
				CLANG_WARN_SUSPICIOUS_MOVE = YES;
				CLANG_WARN_UNGUARDED_AVAILABILITY = YES_AGGRESSIVE;
				CLANG_WARN_UNREACHABLE_CODE = YES;
				CLANG_WARN__DUPLICATE_METHOD_MATCH = YES;
				COPY_PHASE_STRIP = NO;
				DEBUG_INFORMATION_FORMAT = "dwarf-with-dsym";
				ENABLE_NS_ASSERTIONS = NO;
				ENABLE_STRICT_OBJC_MSGSEND = YES;
				ENABLE_USER_SCRIPT_SANDBOXING = YES;
				GCC_C_LANGUAGE_STANDARD = gnu17;
				GCC_NO_COMMON_BLOCKS = YES;
				GCC_WARN_64_TO_32_BIT_CONVERSION = YES;
				GCC_WARN_ABOUT_RETURN_TYPE = YES_ERROR;
				GCC_WARN_UNDECLARED_SELECTOR = YES;
				GCC_WARN_UNINITIALIZED_AUTOS = YES_AGGRESSIVE;
				GCC_WARN_UNUSED_FUNCTION = YES;
				GCC_WARN_UNUSED_VARIABLE = YES;
				LOCALIZATION_PREFERS_STRING_CATALOGS = YES;
				MACOSX_DEPLOYMENT_TARGET = 26.0;
				MTL_ENABLE_DEBUG_INFO = NO;
				MTL_FAST_MATH = YES;
				SDKROOT = macosx;
				SWIFT_COMPILATION_MODE = wholemodule;
			};
			name = Release;
		};
		2BF71A5F3054E6FD00A1691B /* Debug configuration for PBXNativeTarget "Dicta" */ = {
			isa = XCBuildConfiguration;
			buildSettings = {
				ASSETCATALOG_COMPILER_APPICON_NAME = AppIcon;
				ASSETCATALOG_COMPILER_GLOBAL_ACCENT_COLOR_NAME = AccentColor;
				CODE_SIGN_ENTITLEMENTS = Dicta/Dicta.entitlements;
				CODE_SIGN_STYLE = Automatic;
				COMBINE_HIDPI_IMAGES = YES;
				CURRENT_PROJECT_VERSION = 1;
				ENABLE_APP_SANDBOX = NO;
				ENABLE_HARDENED_RUNTIME = YES;
				ENABLE_PREVIEWS = YES;
				GENERATE_INFOPLIST_FILE = YES;
				INFOPLIST_KEY_LSUIElement = YES;
				INFOPLIST_KEY_NSHumanReadableCopyright = "";
				INFOPLIST_KEY_NSMicrophoneUsageDescription = "Dicta uses the microphone to transcribe your speech locally on this Mac.";
				LD_RUNPATH_SEARCH_PATHS = (
					"$(inherited)",
					"@executable_path/../Frameworks",
				);
				MARKETING_VERSION = 1.0;
				PRODUCT_BUNDLE_IDENTIFIER = foo.0w0.Dicta;
				PRODUCT_NAME = "$(TARGET_NAME)";
				STRING_CATALOG_GENERATE_SYMBOLS = YES;
				SWIFT_APPROACHABLE_CONCURRENCY = YES;
				SWIFT_DEFAULT_ACTOR_ISOLATION = MainActor;
				SWIFT_EMIT_LOC_STRINGS = YES;
				SWIFT_UPCOMING_FEATURE_MEMBER_IMPORT_VISIBILITY = YES;
				SWIFT_VERSION = 6.0;
			};
			name = Debug;
		};
		2BF71A603054E6FD00A1691B /* Release configuration for PBXNativeTarget "Dicta" */ = {
			isa = XCBuildConfiguration;
			buildSettings = {
				ASSETCATALOG_COMPILER_APPICON_NAME = AppIcon;
				ASSETCATALOG_COMPILER_GLOBAL_ACCENT_COLOR_NAME = AccentColor;
				CODE_SIGN_ENTITLEMENTS = Dicta/Dicta.entitlements;
				CODE_SIGN_STYLE = Automatic;
				COMBINE_HIDPI_IMAGES = YES;
				CURRENT_PROJECT_VERSION = 1;
				ENABLE_APP_SANDBOX = NO;
				ENABLE_HARDENED_RUNTIME = YES;
				ENABLE_PREVIEWS = YES;
				GENERATE_INFOPLIST_FILE = YES;
				INFOPLIST_KEY_LSUIElement = YES;
				INFOPLIST_KEY_NSHumanReadableCopyright = "";
				INFOPLIST_KEY_NSMicrophoneUsageDescription = "Dicta uses the microphone to transcribe your speech locally on this Mac.";
				LD_RUNPATH_SEARCH_PATHS = (
					"$(inherited)",
					"@executable_path/../Frameworks",
				);
				MARKETING_VERSION = 1.0;
				PRODUCT_BUNDLE_IDENTIFIER = foo.0w0.Dicta;
				PRODUCT_NAME = "$(TARGET_NAME)";
				STRING_CATALOG_GENERATE_SYMBOLS = YES;
				SWIFT_APPROACHABLE_CONCURRENCY = YES;
				SWIFT_DEFAULT_ACTOR_ISOLATION = MainActor;
				SWIFT_EMIT_LOC_STRINGS = YES;
				SWIFT_UPCOMING_FEATURE_MEMBER_IMPORT_VISIBILITY = YES;
				SWIFT_VERSION = 6.0;
			};
			name = Release;
		};
		2BF71A623054E6FD00A1691B /* Debug configuration for PBXNativeTarget "DictaTests" */ = {
			isa = XCBuildConfiguration;
			buildSettings = {
				BUNDLE_LOADER = "$(TEST_HOST)";
				CODE_SIGN_STYLE = Automatic;
				CURRENT_PROJECT_VERSION = 1;
				GENERATE_INFOPLIST_FILE = YES;
				MACOSX_DEPLOYMENT_TARGET = 26.0;
				MARKETING_VERSION = 1.0;
				PRODUCT_BUNDLE_IDENTIFIER = foo.0w0.DictaTests;
				PRODUCT_NAME = "$(TARGET_NAME)";
				STRING_CATALOG_GENERATE_SYMBOLS = NO;
				SWIFT_APPROACHABLE_CONCURRENCY = YES;
				SWIFT_EMIT_LOC_STRINGS = NO;
				SWIFT_UPCOMING_FEATURE_MEMBER_IMPORT_VISIBILITY = YES;
				SWIFT_VERSION = 6.0;
				TEST_HOST = "$(BUILT_PRODUCTS_DIR)/Dicta.app/$(BUNDLE_EXECUTABLE_FOLDER_PATH)/Dicta";
			};
			name = Debug;
		};
		2BF71A633054E6FD00A1691B /* Release configuration for PBXNativeTarget "DictaTests" */ = {
			isa = XCBuildConfiguration;
			buildSettings = {
				BUNDLE_LOADER = "$(TEST_HOST)";
				CODE_SIGN_STYLE = Automatic;
				CURRENT_PROJECT_VERSION = 1;
				GENERATE_INFOPLIST_FILE = YES;
				MACOSX_DEPLOYMENT_TARGET = 26.0;
				MARKETING_VERSION = 1.0;
				PRODUCT_BUNDLE_IDENTIFIER = foo.0w0.DictaTests;
				PRODUCT_NAME = "$(TARGET_NAME)";
				STRING_CATALOG_GENERATE_SYMBOLS = NO;
				SWIFT_APPROACHABLE_CONCURRENCY = YES;
				SWIFT_EMIT_LOC_STRINGS = NO;
				SWIFT_UPCOMING_FEATURE_MEMBER_IMPORT_VISIBILITY = YES;
				SWIFT_VERSION = 6.0;
				TEST_HOST = "$(BUILT_PRODUCTS_DIR)/Dicta.app/$(BUNDLE_EXECUTABLE_FOLDER_PATH)/Dicta";
			};
			name = Release;
		};
		2BF71A653054E6FD00A1691B /* Debug configuration for PBXNativeTarget "DictaUITests" */ = {
			isa = XCBuildConfiguration;
			buildSettings = {
				CODE_SIGN_STYLE = Automatic;
				CURRENT_PROJECT_VERSION = 1;
				GENERATE_INFOPLIST_FILE = YES;
				MARKETING_VERSION = 1.0;
				PRODUCT_BUNDLE_IDENTIFIER = foo.0w0.DictaUITests;
				PRODUCT_NAME = "$(TARGET_NAME)";
				STRING_CATALOG_GENERATE_SYMBOLS = NO;
				SWIFT_APPROACHABLE_CONCURRENCY = YES;
				SWIFT_EMIT_LOC_STRINGS = NO;
				SWIFT_UPCOMING_FEATURE_MEMBER_IMPORT_VISIBILITY = YES;
				SWIFT_VERSION = 6.0;
				TEST_TARGET_NAME = Dicta;
			};
			name = Debug;
		};
		2BF71A663054E6FD00A1691B /* Release configuration for PBXNativeTarget "DictaUITests" */ = {
			isa = XCBuildConfiguration;
			buildSettings = {
				CODE_SIGN_STYLE = Automatic;
				CURRENT_PROJECT_VERSION = 1;
				GENERATE_INFOPLIST_FILE = YES;
				MARKETING_VERSION = 1.0;
				PRODUCT_BUNDLE_IDENTIFIER = foo.0w0.DictaUITests;
				PRODUCT_NAME = "$(TARGET_NAME)";
				STRING_CATALOG_GENERATE_SYMBOLS = NO;
				SWIFT_APPROACHABLE_CONCURRENCY = YES;
				SWIFT_EMIT_LOC_STRINGS = NO;
				SWIFT_UPCOMING_FEATURE_MEMBER_IMPORT_VISIBILITY = YES;
				SWIFT_VERSION = 6.0;
				TEST_TARGET_NAME = Dicta;
			};
			name = Release;
		};
/* End XCBuildConfiguration section */

/* Begin XCConfigurationList section */
		2BF71A3A3054E6FD00A1691B /* Build configuration list for PBXProject "Dicta" */ = {
			isa = XCConfigurationList;
			buildConfigurations = (
				2BF71A5C3054E6FD00A1691B /* Debug configuration for PBXProject "Dicta" */,
				2BF71A5D3054E6FD00A1691B /* Release configuration for PBXProject "Dicta" */,
			);
			defaultConfigurationName = Release;
		};
		2BF71A5E3054E6FD00A1691B /* Build configuration list for PBXNativeTarget "Dicta" */ = {
			isa = XCConfigurationList;
			buildConfigurations = (
				2BF71A5F3054E6FD00A1691B /* Debug configuration for PBXNativeTarget "Dicta" */,
				2BF71A603054E6FD00A1691B /* Release configuration for PBXNativeTarget "Dicta" */,
			);
			defaultConfigurationName = Release;
		};
		2BF71A613054E6FD00A1691B /* Build configuration list for PBXNativeTarget "DictaTests" */ = {
			isa = XCConfigurationList;
			buildConfigurations = (
				2BF71A623054E6FD00A1691B /* Debug configuration for PBXNativeTarget "DictaTests" */,
				2BF71A633054E6FD00A1691B /* Release configuration for PBXNativeTarget "DictaTests" */,
			);
			defaultConfigurationName = Release;
		};
		2BF71A643054E6FD00A1691B /* Build configuration list for PBXNativeTarget "DictaUITests" */ = {
			isa = XCConfigurationList;
			buildConfigurations = (
				2BF71A653054E6FD00A1691B /* Debug configuration for PBXNativeTarget "DictaUITests" */,
				2BF71A663054E6FD00A1691B /* Release configuration for PBXNativeTarget "DictaUITests" */,
			);
			defaultConfigurationName = Release;
		};
/* End XCConfigurationList section */

/* Begin XCRemoteSwiftPackageReference section */
		2BF71A673054E79800A1691B /* XCRemoteSwiftPackageReference "FluidAudio" */ = {
			isa = XCRemoteSwiftPackageReference;
			repositoryURL = "https://github.com/FluidInference/FluidAudio.git";
			requirement = {
				kind = exactVersion;
				version = 0.15.7;
			};
		};
/* End XCRemoteSwiftPackageReference section */

/* Begin XCSwiftPackageProductDependency section */
		2BF71A683054E79800A1691B /* FluidAudio */ = {
			isa = XCSwiftPackageProductDependency;
			package = 2BF71A673054E79800A1691B /* XCRemoteSwiftPackageReference "FluidAudio" */;
			productName = FluidAudio;
		};
/* End XCSwiftPackageProductDependency section */
	};
	rootObject = 2BF71A373054E6FD00A1691B /* Project object */;
	validationLevel = 1;
}
